// !$*UTF8*$!
{
	archiveVersion = 1;
	classes = {
	};
	objectVersion = 46;
	objects = {

/* Begin PBXBuildFile section */
		00E356F31AD99517003FC87E /* TrailerBabuTests.m in Sources */ = {isa = PBXBuildFile; fileRef = 00E356F21AD99517003FC87E /* TrailerBabuTests.m */; };
		13B07FBC1A68108700A75B9A /* AppDelegate.m in Sources */ = {isa = PBXBuildFile; fileRef = 13B07FB01A68108700A75B9A /* AppDelegate.m */; };
		13B07FBF1A68108700A75B9A /* Images.xcassets in Resources */ = {isa = PBXBuildFile; fileRef = 13B07FB51A68108700A75B9A /* Images.xcassets */; };
		13B07FC11A68108700A75B9A /* main.m in Sources */ = {isa = PBXBuildFile; fileRef = 13B07FB71A68108700A75B9A /* main.m */; };
		2D02E4BC1E0B4A80006451C7 /* AppDelegate.m in Sources */ = {isa = PBXBuildFile; fileRef = 13B07FB01A68108700A75B9A /* AppDelegate.m */; };
		2D02E4BD1E0B4A84006451C7 /* Images.xcassets in Resources */ = {isa = PBXBuildFile; fileRef = 13B07FB51A68108700A75B9A /* Images.xcassets */; };
		2D02E4BF1E0B4AB3006451C7 /* main.m in Sources */ = {isa = PBXBuildFile; fileRef = 13B07FB71A68108700A75B9A /* main.m */; };
		2DCD954D1E0B4F2C00145EB5 /* TrailerBabuTests.m in Sources */ = {isa = PBXBuildFile; fileRef = 00E356F21AD99517003FC87E /* TrailerBabuTests.m */; };
		81AB9BB82411601600AC10FF /* LaunchScreen.storyboard in Resources */ = {isa = PBXBuildFile; fileRef = 81AB9BB72411601600AC10FF /* LaunchScreen.storyboard */; };
		CA16005DB53B4EF0AA393760 /* AntDesign.ttf in Resources */ = {isa = PBXBuildFile; fileRef = E29AAC0C2E8F4AA1B138B017 /* AntDesign.ttf */; };
		0478978F75DC4651849CB17C /* Entypo.ttf in Resources */ = {isa = PBXBuildFile; fileRef = F8499AD30AF8471BA291DB31 /* Entypo.ttf */; };
		B4F38D6E49364B38AE7A1E22 /* EvilIcons.ttf in Resources */ = {isa = PBXBuildFile; fileRef = 6FF7EEA504A143668A65ED09 /* EvilIcons.ttf */; };
		4A535A81175E44E6AE258279 /* Feather.ttf in Resources */ = {isa = PBXBuildFile; fileRef = 7BCFB4C377F84E968D828EDD /* Feather.ttf */; };
		12D0BA41E74F41C6921FFD44 /* FontAwesome.ttf in Resources */ = {isa = PBXBuildFile; fileRef = 3EF31C464B134D37B3044BFE /* FontAwesome.ttf */; };
		F0B5C8C931ED491DA1DD918E /* FontAwesome5_Brands.ttf in Resources */ = {isa = PBXBuildFile; fileRef = 3305B9712A974FFB9C972013 /* FontAwesome5_Brands.ttf */; };
		4865687A30B34C1692572D35 /* FontAwesome5_Regular.ttf in Resources */ = {isa = PBXBuildFile; fileRef = C443C9AE8C7D4838B4D142DB /* FontAwesome5_Regular.ttf */; };
		267B87938CF341CE9A2E95BA /* FontAwesome5_Solid.ttf in Resources */ = {isa = PBXBuildFile; fileRef = E7E1DB61E4454078B8057878 /* FontAwesome5_Solid.ttf */; };
		098817A05D794744A5D82ECB /* Fontisto.ttf in Resources */ = {isa = PBXBuildFile; fileRef = A45F2153AE8441578643D89B /* Fontisto.ttf */; };
		2CE58ADB64054CC690A56924 /* Foundation.ttf in Resources */ = {isa = PBXBuildFile; fileRef = 3BDD5D123D7F4208AEF26D68 /* Foundation.ttf */; };
		F27DB15778E54352A3A78523 /* Ionicons.ttf in Resources */ = {isa = PBXBuildFile; fileRef = 977C3D2C78CD458E8D548F3B /* Ionicons.ttf */; };
		CADA9258F1C1493B8FE6BFA1 /* MaterialCommunityIcons.ttf in Resources */ = {isa = PBXBuildFile; fileRef = 3275B5EA85234B0FB3A9842B /* MaterialCommunityIcons.ttf */; };
		5A7C0F9E964343DD8694C553 /* MaterialIcons.ttf in Resources */ = {isa = PBXBuildFile; fileRef = 0C6E6EAB94E94F8DB1C4225E /* MaterialIcons.ttf */; };
		ED43DA162A944347B61D518A /* Octicons.ttf in Resources */ = {isa = PBXBuildFile; fileRef = 6C83A3AEE8934CC7951AC659 /* Octicons.ttf */; };
		86F71458FA6E4EF59E39628C /* SimpleLineIcons.ttf in Resources */ = {isa = PBXBuildFile; fileRef = 9102AB99B14B48DA9C25CEF1 /* SimpleLineIcons.ttf */; };
		EA25CAA346E44FE5A965D7B3 /* Zocial.ttf in Resources */ = {isa = PBXBuildFile; fileRef = F231499043FB4357901FB2EB /* Zocial.ttf */; };
		D957353B5BF04C9FBF270FA7 /* Anton-Regular.ttf in Resources */ = {isa = PBXBuildFile; fileRef = 43433612F671451FBD93C3C7 /* Anton-Regular.ttf */; };
		23BCE91694DF47379FDFCFCC /* Montserrat-Black.ttf in Resources */ = {isa = PBXBuildFile; fileRef = 8F2FD85EDFAB4B43A67702A7 /* Montserrat-Black.ttf */; };
		37953E97348249C1A9A78FD6 /* Montserrat-BlackItalic.ttf in Resources */ = {isa = PBXBuildFile; fileRef = AA153FA5B1A546CB83C59090 /* Montserrat-BlackItalic.ttf */; };
		2FDB09CC3F454E1283D523A5 /* Montserrat-Bold.ttf in Resources */ = {isa = PBXBuildFile; fileRef = 9F1697B98FA64E0BB3CE54DD /* Montserrat-Bold.ttf */; };
		886DDB088E904ABE9B8E816D /* Montserrat-BoldItalic.ttf in Resources */ = {isa = PBXBuildFile; fileRef = 62EC08B4BEF54123BEF258B3 /* Montserrat-BoldItalic.ttf */; };
		E2B8EFC7BB0E4FDEB13F8FD5 /* Montserrat-ExtraBold.ttf in Resources */ = {isa = PBXBuildFile; fileRef = CAF30D7E454C41E0B007651B /* Montserrat-ExtraBold.ttf */; };
		5D5A78459B294E4296EDEE08 /* Montserrat-ExtraBoldItalic.ttf in Resources */ = {isa = PBXBuildFile; fileRef = BF09A962F30148EA839FE4A7 /* Montserrat-ExtraBoldItalic.ttf */; };
		F32A38F46CC143608EC28F13 /* Montserrat-ExtraLight.ttf in Resources */ = {isa = PBXBuildFile; fileRef = F5BC965B9EDE42009A5729DA /* Montserrat-ExtraLight.ttf */; };
		F1EAF2EA252D48A4ABFB4878 /* Montserrat-ExtraLightItalic.ttf in Resources */ = {isa = PBXBuildFile; fileRef = F4044A916DE6481F9591C6C2 /* Montserrat-ExtraLightItalic.ttf */; };
		E08B7DF0ACCC4D4F9B777243 /* Montserrat-Italic.ttf in Resources */ = {isa = PBXBuildFile; fileRef = F37B67144E85483A9C9FB071 /* Montserrat-Italic.ttf */; };
		3B8863CA4C9E4337B184A235 /* Montserrat-Light.ttf in Resources */ = {isa = PBXBuildFile; fileRef = D7965DCAA4204948A5EB981F /* Montserrat-Light.ttf */; };
		E7CF2CA31C4046D1A58B31E9 /* Montserrat-LightItalic.ttf in Resources */ = {isa = PBXBuildFile; fileRef = B5162AAEE1164A038EF1CAAE /* Montserrat-LightItalic.ttf */; };
		08D00C401B144894B3443556 /* Montserrat-Medium.ttf in Resources */ = {isa = PBXBuildFile; fileRef = 8207E5D65EA640DF93C2CE13 /* Montserrat-Medium.ttf */; };
		338D6FCA7D4F477CADF1D987 /* Montserrat-MediumItalic.ttf in Resources */ = {isa = PBXBuildFile; fileRef = 6B500F030C6D4E66B7BEC824 /* Montserrat-MediumItalic.ttf */; };
		EC95E3DCB8A54063B07ED5E1 /* Montserrat-Regular.ttf in Resources */ = {isa = PBXBuildFile; fileRef = A4A395875890481CA560F2F9 /* Montserrat-Regular.ttf */; };
		F1A6A15FE6964668BF472A7B /* Montserrat-SemiBold.ttf in Resources */ = {isa = PBXBuildFile; fileRef = 2944395BF0BD4DBCA24E8192 /* Montserrat-SemiBold.ttf */; };
		61BEA3D132764E4DBE6C152A /* Montserrat-SemiBoldItalic.ttf in Resources */ = {isa = PBXBuildFile; fileRef = 91F8AFDA8AE04851A68C5346 /* Montserrat-SemiBoldItalic.ttf */; };
		F99E2D788BB14853AE2F9269 /* Montserrat-Thin.ttf in Resources */ = {isa = PBXBuildFile; fileRef = E06DEE8DAC184485BBB61737 /* Montserrat-Thin.ttf */; };
		7CAE9904D5774FE7A36A4FB2 /* Montserrat-ThinItalic.ttf in Resources */ = {isa = PBXBuildFile; fileRef = 77205E5C150446149C3FF952 /* Montserrat-ThinItalic.ttf */; };
		9B8BA8B504544667B27A52E9 /* Notable-Regular.ttf in Resources */ = {isa = PBXBuildFile; fileRef = 38530D857EBC4A0B8BC8CE32 /* Notable-Regular.ttf */; };
		8B4838D49FFE40D9802BCF37 /* SyneTactile-Regular.ttf in Resources */ = {isa = PBXBuildFile; fileRef = EDC7B15FD46F40C49D60EF20 /* SyneTactile-Regular.ttf */; };
		3CEB579F875A46259EA3F8B0 /* Kanit-Black.ttf in Resources */ = {isa = PBXBuildFile; fileRef = 9B2146686B474D7C8FF9E0E4 /* Kanit-Black.ttf */; };
		E5EED8C1F32F49B0974768AA /* Kanit-BlackItalic.ttf in Resources */ = {isa = PBXBuildFile; fileRef = 3E8845763BDE411B8FD7C8C2 /* Kanit-BlackItalic.ttf */; };
		3C110B0DA8AF40A7B273B594 /* Kanit-Bold.ttf in Resources */ = {isa = PBXBuildFile; fileRef = 314E3A71526E475A8A82F16B /* Kanit-Bold.ttf */; };
		2089115413CB420B96ED9762 /* Kanit-BoldItalic.ttf in Resources */ = {isa = PBXBuildFile; fileRef = EFD2073094304269A0B0B13F /* Kanit-BoldItalic.ttf */; };
		4DC4EC62D0934B21ABE43B20 /* Kanit-ExtraBold.ttf in Resources */ = {isa = PBXBuildFile; fileRef = C43E3ED6C789469B94DF4D14 /* Kanit-ExtraBold.ttf */; };
		F2860121C1A04D0CA7D1A38D /* Kanit-ExtraBoldItalic.ttf in Resources */ = {isa = PBXBuildFile; fileRef = 85BDE1AFDD0F4A3288541082 /* Kanit-ExtraBoldItalic.ttf */; };
		7E1BFCE45A27424F953F04A9 /* Kanit-ExtraLight.ttf in Resources */ = {isa = PBXBuildFile; fileRef = C673A11FDC5847E3AD00C1D0 /* Kanit-ExtraLight.ttf */; };
		4D4FC14406A049C9A9860EB6 /* Kanit-ExtraLightItalic.ttf in Resources */ = {isa = PBXBuildFile; fileRef = CBAE3FB80AC545CABA6578BF /* Kanit-ExtraLightItalic.ttf */; };
		5E90BC244A194C8EB4E3B4E9 /* Kanit-Italic.ttf in Resources */ = {isa = PBXBuildFile; fileRef = 43037820F8934A08BF962556 /* Kanit-Italic.ttf */; };
		39BB6FF5CFAE4D508D9A2C03 /* Kanit-Light.ttf in Resources */ = {isa = PBXBuildFile; fileRef = 6D46C5D1939F4F7183BE8089 /* Kanit-Light.ttf */; };
		9C15941E0C7D4781A6251D91 /* Kanit-LightItalic.ttf in Resources */ = {isa = PBXBuildFile; fileRef = 488C729BEE954A5FAE274A54 /* Kanit-LightItalic.ttf */; };
		6963FA3747B54941B8584850 /* Kanit-Medium.ttf in Resources */ = {isa = PBXBuildFile; fileRef = D1ECEB0FFA414EBFA0D4DFA5 /* Kanit-Medium.ttf */; };
		450D7EBBB11649FC9447D123 /* Kanit-MediumItalic.ttf in Resources */ = {isa = PBXBuildFile; fileRef = 32F41CB243A74780883955E7 /* Kanit-MediumItalic.ttf */; };
		E6B08680CA6A4C49B98B7649 /* Kanit-Regular.ttf in Resources */ = {isa = PBXBuildFile; fileRef = 27B8C8316F734595B708F229 /* Kanit-Regular.ttf */; };
		A80C6EB35003419FA74414BF /* Kanit-SemiBold.ttf in Resources */ = {isa = PBXBuildFile; fileRef = 8AC7ABF88AD94E2AA0F869FA /* Kanit-SemiBold.ttf */; };
		B5F8B7767CC544FDBACD1A08 /* Kanit-SemiBoldItalic.ttf in Resources */ = {isa = PBXBuildFile; fileRef = 08FED8360A734CACA18D50AE /* Kanit-SemiBoldItalic.ttf */; };
		989BF319358E4A40AAFA2DE7 /* Kanit-Thin.ttf in Resources */ = {isa = PBXBuildFile; fileRef = 2484294446EA4EC2AB4B8635 /* Kanit-Thin.ttf */; };
		2084904EF2E54E44A52853F5 /* Kanit-ThinItalic.ttf in Resources */ = {isa = PBXBuildFile; fileRef = 08B7B6D1E3F44B058A68AF01 /* Kanit-ThinItalic.ttf */; };
		1BA4A382DF184EA8B5809EF1 /* Roboto-Black.ttf in Resources */ = {isa = PBXBuildFile; fileRef = CD416566AF984348B10A6499 /* Roboto-Black.ttf */; };
		ED6C33EA57EE40AA9DBB3B56 /* Roboto-BlackItalic.ttf in Resources */ = {isa = PBXBuildFile; fileRef = 9DA4D6869673459AB9B66793 /* Roboto-BlackItalic.ttf */; };
		354A76D9918E4A57A7DA4706 /* Roboto-Bold.ttf in Resources */ = {isa = PBXBuildFile; fileRef = DC66C13EF51D439E9FF800E2 /* Roboto-Bold.ttf */; };
		98F324602C8C4ED5A2B12D9A /* Roboto-BoldItalic.ttf in Resources */ = {isa = PBXBuildFile; fileRef = A0B8D40D15444E50A7D6E38F /* Roboto-BoldItalic.ttf */; };
		A30DC30F317249B8A38D4942 /* Roboto-Italic.ttf in Resources */ = {isa = PBXBuildFile; fileRef = 832127D653D14A2CB132A784 /* Roboto-Italic.ttf */; };
		68FDFEEB964542DEA87E9148 /* Roboto-Light.ttf in Resources */ = {isa = PBXBuildFile; fileRef = 07885575A8EA442F86C8BC67 /* Roboto-Light.ttf */; };
		68E4E02A93B04791B09A26D7 /* Roboto-LightItalic.ttf in Resources */ = {isa = PBXBuildFile; fileRef = 1F3A9899AE1F44909AB06715 /* Roboto-LightItalic.ttf */; };
		BCBC81ABE33A4835951FC71B /* Roboto-Medium.ttf in Resources */ = {isa = PBXBuildFile; fileRef = AA5C65722DC14002A1E4EAD3 /* Roboto-Medium.ttf */; };
		AE92C9B6CAB94B27B72CAA82 /* Roboto-MediumItalic.ttf in Resources */ = {isa = PBXBuildFile; fileRef = 33E5F8472BD045D883A2B60B /* Roboto-MediumItalic.ttf */; };
		85AE6518113E4A6BBE6D2D70 /* Roboto-Regular.ttf in Resources */ = {isa = PBXBuildFile; fileRef = 59F3CA00087D4CA59A7707F0 /* Roboto-Regular.ttf */; };
		11A9DEE44B8C4304B82D7DDE /* Roboto-Thin.ttf in Resources */ = {isa = PBXBuildFile; fileRef = 67FE129BB97C4C49B0184800 /* Roboto-Thin.ttf */; };
		97CBFE30FC81432BAD6BE91D /* Roboto-ThinItalic.ttf in Resources */ = {isa = PBXBuildFile; fileRef = B8DC2357DC744B4395F5366A /* Roboto-ThinItalic.ttf */; };
/* End PBXBuildFile section */

/* Begin PBXContainerItemProxy section */
		00E356F41AD99517003FC87E /* PBXContainerItemProxy */ = {
			isa = PBXContainerItemProxy;
			containerPortal = 83CBB9F71A601CBA00E9B192 /* Project object */;
			proxyType = 1;
			remoteGlobalIDString = 13B07F861A680F5B00A75B9A;
			remoteInfo = TrailerBabu;
		};
		2D02E4911E0B4A5D006451C7 /* PBXContainerItemProxy */ = {
			isa = PBXContainerItemProxy;
			containerPortal = 83CBB9F71A601CBA00E9B192 /* Project object */;
			proxyType = 1;
			remoteGlobalIDString = 2D02E47A1E0B4A5D006451C7;
			remoteInfo = "TrailerBabu-tvOS";
		};
/* End PBXContainerItemProxy section */

/* Begin PBXFileReference section */
		008F07F21AC5B25A0029DE68 /* main.jsbundle */ = {isa = PBXFileReference; fileEncoding = 4; lastKnownFileType = text; path = main.jsbundle; sourceTree = "<group>"; };
		00E356EE1AD99517003FC87E /* TrailerBabuTests.xctest */ = {isa = PBXFileReference; explicitFileType = wrapper.cfbundle; includeInIndex = 0; path = TrailerBabuTests.xctest; sourceTree = BUILT_PRODUCTS_DIR; };
		00E356F11AD99517003FC87E /* Info.plist */ = {isa = PBXFileReference; lastKnownFileType = text.plist.xml; path = Info.plist; sourceTree = "<group>"; };
		00E356F21AD99517003FC87E /* TrailerBabuTests.m */ = {isa = PBXFileReference; lastKnownFileType = sourcecode.c.objc; path = TrailerBabuTests.m; sourceTree = "<group>"; };
		13B07F961A680F5B00A75B9A /* TrailerBabu.app */ = {isa = PBXFileReference; explicitFileType = wrapper.application; includeInIndex = 0; path = TrailerBabu.app; sourceTree = BUILT_PRODUCTS_DIR; };
		13B07FAF1A68108700A75B9A /* AppDelegate.h */ = {isa = PBXFileReference; fileEncoding = 4; lastKnownFileType = sourcecode.c.h; name = AppDelegate.h; path = TrailerBabu/AppDelegate.h; sourceTree = "<group>"; };
		13B07FB01A68108700A75B9A /* AppDelegate.m */ = {isa = PBXFileReference; fileEncoding = 4; lastKnownFileType = sourcecode.c.objc; name = AppDelegate.m; path = TrailerBabu/AppDelegate.m; sourceTree = "<group>"; };
		13B07FB51A68108700A75B9A /* Images.xcassets */ = {isa = PBXFileReference; lastKnownFileType = folder.assetcatalog; name = Images.xcassets; path = TrailerBabu/Images.xcassets; sourceTree = "<group>"; };
		13B07FB61A68108700A75B9A /* Info.plist */ = {isa = PBXFileReference; fileEncoding = 4; lastKnownFileType = text.plist.xml; name = Info.plist; path = TrailerBabu/Info.plist; sourceTree = "<group>"; };
		13B07FB71A68108700A75B9A /* main.m */ = {isa = PBXFileReference; fileEncoding = 4; lastKnownFileType = sourcecode.c.objc; name = main.m; path = TrailerBabu/main.m; sourceTree = "<group>"; };
		2D02E47B1E0B4A5D006451C7 /* TrailerBabu-tvOS.app */ = {isa = PBXFileReference; explicitFileType = wrapper.application; includeInIndex = 0; path = "TrailerBabu-tvOS.app"; sourceTree = BUILT_PRODUCTS_DIR; };
		2D02E4901E0B4A5D006451C7 /* TrailerBabu-tvOSTests.xctest */ = {isa = PBXFileReference; explicitFileType = wrapper.cfbundle; includeInIndex = 0; path = "TrailerBabu-tvOSTests.xctest"; sourceTree = BUILT_PRODUCTS_DIR; };
		81AB9BB72411601600AC10FF /* LaunchScreen.storyboard */ = {isa = PBXFileReference; fileEncoding = 4; lastKnownFileType = file.storyboard; name = LaunchScreen.storyboard; path = TrailerBabu/LaunchScreen.storyboard; sourceTree = "<group>"; };
		ED297162215061F000B7C4FE /* JavaScriptCore.framework */ = {isa = PBXFileReference; lastKnownFileType = wrapper.framework; name = JavaScriptCore.framework; path = System/Library/Frameworks/JavaScriptCore.framework; sourceTree = SDKROOT; };
		ED2971642150620600B7C4FE /* JavaScriptCore.framework */ = {isa = PBXFileReference; lastKnownFileType = wrapper.framework; name = JavaScriptCore.framework; path = Platforms/AppleTVOS.platform/Developer/SDKs/AppleTVOS12.0.sdk/System/Library/Frameworks/JavaScriptCore.framework; sourceTree = DEVELOPER_DIR; };
		E29AAC0C2E8F4AA1B138B017 /* AntDesign.ttf */ = {isa = PBXFileReference; name = "AntDesign.ttf"; path = "../node_modules/react-native-vector-icons/Fonts/AntDesign.ttf"; sourceTree = "<group>"; fileEncoding = undefined; lastKnownFileType = unknown; explicitFileType = undefined; includeInIndex = 0; };
		F8499AD30AF8471BA291DB31 /* Entypo.ttf */ = {isa = PBXFileReference; name = "Entypo.ttf"; path = "../node_modules/react-native-vector-icons/Fonts/Entypo.ttf"; sourceTree = "<group>"; fileEncoding = undefined; lastKnownFileType = unknown; explicitFileType = undefined; includeInIndex = 0; };
		6FF7EEA504A143668A65ED09 /* EvilIcons.ttf */ = {isa = PBXFileReference; name = "EvilIcons.ttf"; path = "../node_modules/react-native-vector-icons/Fonts/EvilIcons.ttf"; sourceTree = "<group>"; fileEncoding = undefined; lastKnownFileType = unknown; explicitFileType = undefined; includeInIndex = 0; };
		7BCFB4C377F84E968D828EDD /* Feather.ttf */ = {isa = PBXFileReference; name = "Feather.ttf"; path = "../node_modules/react-native-vector-icons/Fonts/Feather.ttf"; sourceTree = "<group>"; fileEncoding = undefined; lastKnownFileType = unknown; explicitFileType = undefined; includeInIndex = 0; };
		3EF31C464B134D37B3044BFE /* FontAwesome.ttf */ = {isa = PBXFileReference; name = "FontAwesome.ttf"; path = "../node_modules/react-native-vector-icons/Fonts/FontAwesome.ttf"; sourceTree = "<group>"; fileEncoding = undefined; lastKnownFileType = unknown; explicitFileType = undefined; includeInIndex = 0; };
		3305B9712A974FFB9C972013 /* FontAwesome5_Brands.ttf */ = {isa = PBXFileReference; name = "FontAwesome5_Brands.ttf"; path = "../node_modules/react-native-vector-icons/Fonts/FontAwesome5_Brands.ttf"; sourceTree = "<group>"; fileEncoding = undefined; lastKnownFileType = unknown; explicitFileType = undefined; includeInIndex = 0; };
		C443C9AE8C7D4838B4D142DB /* FontAwesome5_Regular.ttf */ = {isa = PBXFileReference; name = "FontAwesome5_Regular.ttf"; path = "../node_modules/react-native-vector-icons/Fonts/FontAwesome5_Regular.ttf"; sourceTree = "<group>"; fileEncoding = undefined; lastKnownFileType = unknown; explicitFileType = undefined; includeInIndex = 0; };
		E7E1DB61E4454078B8057878 /* FontAwesome5_Solid.ttf */ = {isa = PBXFileReference; name = "FontAwesome5_Solid.ttf"; path = "../node_modules/react-native-vector-icons/Fonts/FontAwesome5_Solid.ttf"; sourceTree = "<group>"; fileEncoding = undefined; lastKnownFileType = unknown; explicitFileType = undefined; includeInIndex = 0; };
		A45F2153AE8441578643D89B /* Fontisto.ttf */ = {isa = PBXFileReference; name = "Fontisto.ttf"; path = "../node_modules/react-native-vector-icons/Fonts/Fontisto.ttf"; sourceTree = "<group>"; fileEncoding = undefined; lastKnownFileType = unknown; explicitFileType = undefined; includeInIndex = 0; };
		3BDD5D123D7F4208AEF26D68 /* Foundation.ttf */ = {isa = PBXFileReference; name = "Foundation.ttf"; path = "../node_modules/react-native-vector-icons/Fonts/Foundation.ttf"; sourceTree = "<group>"; fileEncoding = undefined; lastKnownFileType = unknown; explicitFileType = undefined; includeInIndex = 0; };
		977C3D2C78CD458E8D548F3B /* Ionicons.ttf */ = {isa = PBXFileReference; name = "Ionicons.ttf"; path = "../node_modules/react-native-vector-icons/Fonts/Ionicons.ttf"; sourceTree = "<group>"; fileEncoding = undefined; lastKnownFileType = unknown; explicitFileType = undefined; includeInIndex = 0; };
		3275B5EA85234B0FB3A9842B /* MaterialCommunityIcons.ttf */ = {isa = PBXFileReference; name = "MaterialCommunityIcons.ttf"; path = "../node_modules/react-native-vector-icons/Fonts/MaterialCommunityIcons.ttf"; sourceTree = "<group>"; fileEncoding = undefined; lastKnownFileType = unknown; explicitFileType = undefined; includeInIndex = 0; };
		0C6E6EAB94E94F8DB1C4225E /* MaterialIcons.ttf */ = {isa = PBXFileReference; name = "MaterialIcons.ttf"; path = "../node_modules/react-native-vector-icons/Fonts/MaterialIcons.ttf"; sourceTree = "<group>"; fileEncoding = undefined; lastKnownFileType = unknown; explicitFileType = undefined; includeInIndex = 0; };
		6C83A3AEE8934CC7951AC659 /* Octicons.ttf */ = {isa = PBXFileReference; name = "Octicons.ttf"; path = "../node_modules/react-native-vector-icons/Fonts/Octicons.ttf"; sourceTree = "<group>"; fileEncoding = undefined; lastKnownFileType = unknown; explicitFileType = undefined; includeInIndex = 0; };
		9102AB99B14B48DA9C25CEF1 /* SimpleLineIcons.ttf */ = {isa = PBXFileReference; name = "SimpleLineIcons.ttf"; path = "../node_modules/react-native-vector-icons/Fonts/SimpleLineIcons.ttf"; sourceTree = "<group>"; fileEncoding = undefined; lastKnownFileType = unknown; explicitFileType = undefined; includeInIndex = 0; };
		F231499043FB4357901FB2EB /* Zocial.ttf */ = {isa = PBXFileReference; name = "Zocial.ttf"; path = "../node_modules/react-native-vector-icons/Fonts/Zocial.ttf"; sourceTree = "<group>"; fileEncoding = undefined; lastKnownFileType = unknown; explicitFileType = undefined; includeInIndex = 0; };
		43433612F671451FBD93C3C7 /* Anton-Regular.ttf */ = {isa = PBXFileReference; name = "Anton-Regular.ttf"; path = "../assets/fonts/Anton-Regular.ttf"; sourceTree = "<group>"; fileEncoding = undefined; lastKnownFileType = unknown; explicitFileType = undefined; includeInIndex = 0; };
		8F2FD85EDFAB4B43A67702A7 /* Montserrat-Black.ttf */ = {isa = PBXFileReference; name = "Montserrat-Black.ttf"; path = "../assets/fonts/Montserrat-Black.ttf"; sourceTree = "<group>"; fileEncoding = undefined; lastKnownFileType = unknown; explicitFileType = undefined; includeInIndex = 0; };
		AA153FA5B1A546CB83C59090 /* Montserrat-BlackItalic.ttf */ = {isa = PBXFileReference; name = "Montserrat-BlackItalic.ttf"; path = "../assets/fonts/Montserrat-BlackItalic.ttf"; sourceTree = "<group>"; fileEncoding = undefined; lastKnownFileType = unknown; explicitFileType = undefined; includeInIndex = 0; };
		9F1697B98FA64E0BB3CE54DD /* Montserrat-Bold.ttf */ = {isa = PBXFileReference; name = "Montserrat-Bold.ttf"; path = "../assets/fonts/Montserrat-Bold.ttf"; sourceTree = "<group>"; fileEncoding = undefined; lastKnownFileType = unknown; explicitFileType = undefined; includeInIndex = 0; };
		62EC08B4BEF54123BEF258B3 /* Montserrat-BoldItalic.ttf */ = {isa = PBXFileReference; name = "Montserrat-BoldItalic.ttf"; path = "../assets/fonts/Montserrat-BoldItalic.ttf"; sourceTree = "<group>"; fileEncoding = undefined; lastKnownFileType = unknown; explicitFileType = undefined; includeInIndex = 0; };
		CAF30D7E454C41E0B007651B /* Montserrat-ExtraBold.ttf */ = {isa = PBXFileReference; name = "Montserrat-ExtraBold.ttf"; path = "../assets/fonts/Montserrat-ExtraBold.ttf"; sourceTree = "<group>"; fileEncoding = undefined; lastKnownFileType = unknown; explicitFileType = undefined; includeInIndex = 0; };
		BF09A962F30148EA839FE4A7 /* Montserrat-ExtraBoldItalic.ttf */ = {isa = PBXFileReference; name = "Montserrat-ExtraBoldItalic.ttf"; path = "../assets/fonts/Montserrat-ExtraBoldItalic.ttf"; sourceTree = "<group>"; fileEncoding = undefined; lastKnownFileType = unknown; explicitFileType = undefined; includeInIndex = 0; };
		F5BC965B9EDE42009A5729DA /* Montserrat-ExtraLight.ttf */ = {isa = PBXFileReference; name = "Montserrat-ExtraLight.ttf"; path = "../assets/fonts/Montserrat-ExtraLight.ttf"; sourceTree = "<group>"; fileEncoding = undefined; lastKnownFileType = unknown; explicitFileType = undefined; includeInIndex = 0; };
		F4044A916DE6481F9591C6C2 /* Montserrat-ExtraLightItalic.ttf */ = {isa = PBXFileReference; name = "Montserrat-ExtraLightItalic.ttf"; path = "../assets/fonts/Montserrat-ExtraLightItalic.ttf"; sourceTree = "<group>"; fileEncoding = undefined; lastKnownFileType = unknown; explicitFileType = undefined; includeInIndex = 0; };
		F37B67144E85483A9C9FB071 /* Montserrat-Italic.ttf */ = {isa = PBXFileReference; name = "Montserrat-Italic.ttf"; path = "../assets/fonts/Montserrat-Italic.ttf"; sourceTree = "<group>"; fileEncoding = undefined; lastKnownFileType = unknown; explicitFileType = undefined; includeInIndex = 0; };
		D7965DCAA4204948A5EB981F /* Montserrat-Light.ttf */ = {isa = PBXFileReference; name = "Montserrat-Light.ttf"; path = "../assets/fonts/Montserrat-Light.ttf"; sourceTree = "<group>"; fileEncoding = undefined; lastKnownFileType = unknown; explicitFileType = undefined; includeInIndex = 0; };
		B5162AAEE1164A038EF1CAAE /* Montserrat-LightItalic.ttf */ = {isa = PBXFileReference; name = "Montserrat-LightItalic.ttf"; path = "../assets/fonts/Montserrat-LightItalic.ttf"; sourceTree = "<group>"; fileEncoding = undefined; lastKnownFileType = unknown; explicitFileType = undefined; includeInIndex = 0; };
		8207E5D65EA640DF93C2CE13 /* Montserrat-Medium.ttf */ = {isa = PBXFileReference; name = "Montserrat-Medium.ttf"; path = "../assets/fonts/Montserrat-Medium.ttf"; sourceTree = "<group>"; fileEncoding = undefined; lastKnownFileType = unknown; explicitFileType = undefined; includeInIndex = 0; };
		6B500F030C6D4E66B7BEC824 /* Montserrat-MediumItalic.ttf */ = {isa = PBXFileReference; name = "Montserrat-MediumItalic.ttf"; path = "../assets/fonts/Montserrat-MediumItalic.ttf"; sourceTree = "<group>"; fileEncoding = undefined; lastKnownFileType = unknown; explicitFileType = undefined; includeInIndex = 0; };
		A4A395875890481CA560F2F9 /* Montserrat-Regular.ttf */ = {isa = PBXFileReference; name = "Montserrat-Regular.ttf"; path = "../assets/fonts/Montserrat-Regular.ttf"; sourceTree = "<group>"; fileEncoding = undefined; lastKnownFileType = unknown; explicitFileType = undefined; includeInIndex = 0; };
		2944395BF0BD4DBCA24E8192 /* Montserrat-SemiBold.ttf */ = {isa = PBXFileReference; name = "Montserrat-SemiBold.ttf"; path = "../assets/fonts/Montserrat-SemiBold.ttf"; sourceTree = "<group>"; fileEncoding = undefined; lastKnownFileType = unknown; explicitFileType = undefined; includeInIndex = 0; };
		91F8AFDA8AE04851A68C5346 /* Montserrat-SemiBoldItalic.ttf */ = {isa = PBXFileReference; name = "Montserrat-SemiBoldItalic.ttf"; path = "../assets/fonts/Montserrat-SemiBoldItalic.ttf"; sourceTree = "<group>"; fileEncoding = undefined; lastKnownFileType = unknown; explicitFileType = undefined; includeInIndex = 0; };
		E06DEE8DAC184485BBB61737 /* Montserrat-Thin.ttf */ = {isa = PBXFileReference; name = "Montserrat-Thin.ttf"; path = "../assets/fonts/Montserrat-Thin.ttf"; sourceTree = "<group>"; fileEncoding = undefined; lastKnownFileType = unknown; explicitFileType = undefined; includeInIndex = 0; };
		77205E5C150446149C3FF952 /* Montserrat-ThinItalic.ttf */ = {isa = PBXFileReference; name = "Montserrat-ThinItalic.ttf"; path = "../assets/fonts/Montserrat-ThinItalic.ttf"; sourceTree = "<group>"; fileEncoding = undefined; lastKnownFileType = unknown; explicitFileType = undefined; includeInIndex = 0; };
		38530D857EBC4A0B8BC8CE32 /* Notable-Regular.ttf */ = {isa = PBXFileReference; name = "Notable-Regular.ttf"; path = "../assets/fonts/Notable-Regular.ttf"; sourceTree = "<group>"; fileEncoding = undefined; lastKnownFileType = unknown; explicitFileType = undefined; includeInIndex = 0; };
		EDC7B15FD46F40C49D60EF20 /* SyneTactile-Regular.ttf */ = {isa = PBXFileReference; name = "SyneTactile-Regular.ttf"; path = "../assets/fonts/SyneTactile-Regular.ttf"; sourceTree = "<group>"; fileEncoding = undefined; lastKnownFileType = unknown; explicitFileType = undefined; includeInIndex = 0; };
		9B2146686B474D7C8FF9E0E4 /* Kanit-Black.ttf */ = {isa = PBXFileReference; name = "Kanit-Black.ttf"; path = "../assets/fonts/Kanit-Black.ttf"; sourceTree = "<group>"; fileEncoding = undefined; lastKnownFileType = unknown; explicitFileType = undefined; includeInIndex = 0; };
		3E8845763BDE411B8FD7C8C2 /* Kanit-BlackItalic.ttf */ = {isa = PBXFileReference; name = "Kanit-BlackItalic.ttf"; path = "../assets/fonts/Kanit-BlackItalic.ttf"; sourceTree = "<group>"; fileEncoding = undefined; lastKnownFileType = unknown; explicitFileType = undefined; includeInIndex = 0; };
		314E3A71526E475A8A82F16B /* Kanit-Bold.ttf */ = {isa = PBXFileReference; name = "Kanit-Bold.ttf"; path = "../assets/fonts/Kanit-Bold.ttf"; sourceTree = "<group>"; fileEncoding = undefined; lastKnownFileType = unknown; explicitFileType = undefined; includeInIndex = 0; };
		EFD2073094304269A0B0B13F /* Kanit-BoldItalic.ttf */ = {isa = PBXFileReference; name = "Kanit-BoldItalic.ttf"; path = "../assets/fonts/Kanit-BoldItalic.ttf"; sourceTree = "<group>"; fileEncoding = undefined; lastKnownFileType = unknown; explicitFileType = undefined; includeInIndex = 0; };
		C43E3ED6C789469B94DF4D14 /* Kanit-ExtraBold.ttf */ = {isa = PBXFileReference; name = "Kanit-ExtraBold.ttf"; path = "../assets/fonts/Kanit-ExtraBold.ttf"; sourceTree = "<group>"; fileEncoding = undefined; lastKnownFileType = unknown; explicitFileType = undefined; includeInIndex = 0; };
		85BDE1AFDD0F4A3288541082 /* Kanit-ExtraBoldItalic.ttf */ = {isa = PBXFileReference; name = "Kanit-ExtraBoldItalic.ttf"; path = "../assets/fonts/Kanit-ExtraBoldItalic.ttf"; sourceTree = "<group>"; fileEncoding = undefined; lastKnownFileType = unknown; explicitFileType = undefined; includeInIndex = 0; };
		C673A11FDC5847E3AD00C1D0 /* Kanit-ExtraLight.ttf */ = {isa = PBXFileReference; name = "Kanit-ExtraLight.ttf"; path = "../assets/fonts/Kanit-ExtraLight.ttf"; sourceTree = "<group>"; fileEncoding = undefined; lastKnownFileType = unknown; explicitFileType = undefined; includeInIndex = 0; };
		CBAE3FB80AC545CABA6578BF /* Kanit-ExtraLightItalic.ttf */ = {isa = PBXFileReference; name = "Kanit-ExtraLightItalic.ttf"; path = "../assets/fonts/Kanit-ExtraLightItalic.ttf"; sourceTree = "<group>"; fileEncoding = undefined; lastKnownFileType = unknown; explicitFileType = undefined; includeInIndex = 0; };
		43037820F8934A08BF962556 /* Kanit-Italic.ttf */ = {isa = PBXFileReference; name = "Kanit-Italic.ttf"; path = "../assets/fonts/Kanit-Italic.ttf"; sourceTree = "<group>"; fileEncoding = undefined; lastKnownFileType = unknown; explicitFileType = undefined; includeInIndex = 0; };
		6D46C5D1939F4F7183BE8089 /* Kanit-Light.ttf */ = {isa = PBXFileReference; name = "Kanit-Light.ttf"; path = "../assets/fonts/Kanit-Light.ttf"; sourceTree = "<group>"; fileEncoding = undefined; lastKnownFileType = unknown; explicitFileType = undefined; includeInIndex = 0; };
		488C729BEE954A5FAE274A54 /* Kanit-LightItalic.ttf */ = {isa = PBXFileReference; name = "Kanit-LightItalic.ttf"; path = "../assets/fonts/Kanit-LightItalic.ttf"; sourceTree = "<group>"; fileEncoding = undefined; lastKnownFileType = unknown; explicitFileType = undefined; includeInIndex = 0; };
		D1ECEB0FFA414EBFA0D4DFA5 /* Kanit-Medium.ttf */ = {isa = PBXFileReference; name = "Kanit-Medium.ttf"; path = "../assets/fonts/Kanit-Medium.ttf"; sourceTree = "<group>"; fileEncoding = undefined; lastKnownFileType = unknown; explicitFileType = undefined; includeInIndex = 0; };
		32F41CB243A74780883955E7 /* Kanit-MediumItalic.ttf */ = {isa = PBXFileReference; name = "Kanit-MediumItalic.ttf"; path = "../assets/fonts/Kanit-MediumItalic.ttf"; sourceTree = "<group>"; fileEncoding = undefined; lastKnownFileType = unknown; explicitFileType = undefined; includeInIndex = 0; };
		27B8C8316F734595B708F229 /* Kanit-Regular.ttf */ = {isa = PBXFileReference; name = "Kanit-Regular.ttf"; path = "../assets/fonts/Kanit-Regular.ttf"; sourceTree = "<group>"; fileEncoding = undefined; lastKnownFileType = unknown; explicitFileType = undefined; includeInIndex = 0; };
		8AC7ABF88AD94E2AA0F869FA /* Kanit-SemiBold.ttf */ = {isa = PBXFileReference; name = "Kanit-SemiBold.ttf"; path = "../assets/fonts/Kanit-SemiBold.ttf"; sourceTree = "<group>"; fileEncoding = undefined; lastKnownFileType = unknown; explicitFileType = undefined; includeInIndex = 0; };
		08FED8360A734CACA18D50AE /* Kanit-SemiBoldItalic.ttf */ = {isa = PBXFileReference; name = "Kanit-SemiBoldItalic.ttf"; path = "../assets/fonts/Kanit-SemiBoldItalic.ttf"; sourceTree = "<group>"; fileEncoding = undefined; lastKnownFileType = unknown; explicitFileType = undefined; includeInIndex = 0; };
		2484294446EA4EC2AB4B8635 /* Kanit-Thin.ttf */ = {isa = PBXFileReference; name = "Kanit-Thin.ttf"; path = "../assets/fonts/Kanit-Thin.ttf"; sourceTree = "<group>"; fileEncoding = undefined; lastKnownFileType = unknown; explicitFileType = undefined; includeInIndex = 0; };
		08B7B6D1E3F44B058A68AF01 /* Kanit-ThinItalic.ttf */ = {isa = PBXFileReference; name = "Kanit-ThinItalic.ttf"; path = "../assets/fonts/Kanit-ThinItalic.ttf"; sourceTree = "<group>"; fileEncoding = undefined; lastKnownFileType = unknown; explicitFileType = undefined; includeInIndex = 0; };
		CD416566AF984348B10A6499 /* Roboto-Black.ttf */ = {isa = PBXFileReference; name = "Roboto-Black.ttf"; path = "../assets/fonts/Roboto-Black.ttf"; sourceTree = "<group>"; fileEncoding = undefined; lastKnownFileType = unknown; explicitFileType = undefined; includeInIndex = 0; };
		9DA4D6869673459AB9B66793 /* Roboto-BlackItalic.ttf */ = {isa = PBXFileReference; name = "Roboto-BlackItalic.ttf"; path = "../assets/fonts/Roboto-BlackItalic.ttf"; sourceTree = "<group>"; fileEncoding = undefined; lastKnownFileType = unknown; explicitFileType = undefined; includeInIndex = 0; };
		DC66C13EF51D439E9FF800E2 /* Roboto-Bold.ttf */ = {isa = PBXFileReference; name = "Roboto-Bold.ttf"; path = "../assets/fonts/Roboto-Bold.ttf"; sourceTree = "<group>"; fileEncoding = undefined; lastKnownFileType = unknown; explicitFileType = undefined; includeInIndex = 0; };
		A0B8D40D15444E50A7D6E38F /* Roboto-BoldItalic.ttf */ = {isa = PBXFileReference; name = "Roboto-BoldItalic.ttf"; path = "../assets/fonts/Roboto-BoldItalic.ttf"; sourceTree = "<group>"; fileEncoding = undefined; lastKnownFileType = unknown; explicitFileType = undefined; includeInIndex = 0; };
		832127D653D14A2CB132A784 /* Roboto-Italic.ttf */ = {isa = PBXFileReference; name = "Roboto-Italic.ttf"; path = "../assets/fonts/Roboto-Italic.ttf"; sourceTree = "<group>"; fileEncoding = undefined; lastKnownFileType = unknown; explicitFileType = undefined; includeInIndex = 0; };
		07885575A8EA442F86C8BC67 /* Roboto-Light.ttf */ = {isa = PBXFileReference; name = "Roboto-Light.ttf"; path = "../assets/fonts/Roboto-Light.ttf"; sourceTree = "<group>"; fileEncoding = undefined; lastKnownFileType = unknown; explicitFileType = undefined; includeInIndex = 0; };
		1F3A9899AE1F44909AB06715 /* Roboto-LightItalic.ttf */ = {isa = PBXFileReference; name = "Roboto-LightItalic.ttf"; path = "../assets/fonts/Roboto-LightItalic.ttf"; sourceTree = "<group>"; fileEncoding = undefined; lastKnownFileType = unknown; explicitFileType = undefined; includeInIndex = 0; };
		AA5C65722DC14002A1E4EAD3 /* Roboto-Medium.ttf */ = {isa = PBXFileReference; name = "Roboto-Medium.ttf"; path = "../assets/fonts/Roboto-Medium.ttf"; sourceTree = "<group>"; fileEncoding = undefined; lastKnownFileType = unknown; explicitFileType = undefined; includeInIndex = 0; };
		33E5F8472BD045D883A2B60B /* Roboto-MediumItalic.ttf */ = {isa = PBXFileReference; name = "Roboto-MediumItalic.ttf"; path = "../assets/fonts/Roboto-MediumItalic.ttf"; sourceTree = "<group>"; fileEncoding = undefined; lastKnownFileType = unknown; explicitFileType = undefined; includeInIndex = 0; };
		59F3CA00087D4CA59A7707F0 /* Roboto-Regular.ttf */ = {isa = PBXFileReference; name = "Roboto-Regular.ttf"; path = "../assets/fonts/Roboto-Regular.ttf"; sourceTree = "<group>"; fileEncoding = undefined; lastKnownFileType = unknown; explicitFileType = undefined; includeInIndex = 0; };
		67FE129BB97C4C49B0184800 /* Roboto-Thin.ttf */ = {isa = PBXFileReference; name = "Roboto-Thin.ttf"; path = "../assets/fonts/Roboto-Thin.ttf"; sourceTree = "<group>"; fileEncoding = undefined; lastKnownFileType = unknown; explicitFileType = undefined; includeInIndex = 0; };
		B8DC2357DC744B4395F5366A /* Roboto-ThinItalic.ttf */ = {isa = PBXFileReference; name = "Roboto-ThinItalic.ttf"; path = "../assets/fonts/Roboto-ThinItalic.ttf"; sourceTree = "<group>"; fileEncoding = undefined; lastKnownFileType = unknown; explicitFileType = undefined; includeInIndex = 0; };
/* End PBXFileReference section */

/* Begin PBXFrameworksBuildPhase section */
		00E356EB1AD99517003FC87E /* Frameworks */ = {
			isa = PBXFrameworksBuildPhase;
			buildActionMask = 2147483647;
			files = (
			);
			runOnlyForDeploymentPostprocessing = 0;
		};
		13B07F8C1A680F5B00A75B9A /* Frameworks */ = {
			isa = PBXFrameworksBuildPhase;
			buildActionMask = 2147483647;
			files = (
			);
			runOnlyForDeploymentPostprocessing = 0;
		};
		2D02E4781E0B4A5D006451C7 /* Frameworks */ = {
			isa = PBXFrameworksBuildPhase;
			buildActionMask = 2147483647;
			files = (
			);
			runOnlyForDeploymentPostprocessing = 0;
		};
		2D02E48D1E0B4A5D006451C7 /* Frameworks */ = {
			isa = PBXFrameworksBuildPhase;
			buildActionMask = 2147483647;
			files = (
			);
			runOnlyForDeploymentPostprocessing = 0;
		};
/* End PBXFrameworksBuildPhase section */

/* Begin PBXGroup section */
		00E356EF1AD99517003FC87E /* TrailerBabuTests */ = {
			isa = PBXGroup;
			children = (
				00E356F21AD99517003FC87E /* TrailerBabuTests.m */,
				00E356F01AD99517003FC87E /* Supporting Files */,
			);
			path = TrailerBabuTests;
			sourceTree = "<group>";
		};
		00E356F01AD99517003FC87E /* Supporting Files */ = {
			isa = PBXGroup;
			children = (
				00E356F11AD99517003FC87E /* Info.plist */,
			);
			name = "Supporting Files";
			sourceTree = "<group>";
		};
		13B07FAE1A68108700A75B9A /* TrailerBabu */ = {
			isa = PBXGroup;
			children = (
				008F07F21AC5B25A0029DE68 /* main.jsbundle */,
				13B07FAF1A68108700A75B9A /* AppDelegate.h */,
				13B07FB01A68108700A75B9A /* AppDelegate.m */,
				13B07FB51A68108700A75B9A /* Images.xcassets */,
				13B07FB61A68108700A75B9A /* Info.plist */,
				81AB9BB72411601600AC10FF /* LaunchScreen.storyboard */,
				13B07FB71A68108700A75B9A /* main.m */,
			);
			name = TrailerBabu;
			sourceTree = "<group>";
		};
		2D16E6871FA4F8E400B85C8A /* Frameworks */ = {
			isa = PBXGroup;
			children = (
				ED297162215061F000B7C4FE /* JavaScriptCore.framework */,
				ED2971642150620600B7C4FE /* JavaScriptCore.framework */,
			);
			name = Frameworks;
			sourceTree = "<group>";
		};
		832341AE1AAA6A7D00B99B32 /* Libraries */ = {
			isa = PBXGroup;
			children = (
			);
			name = Libraries;
			sourceTree = "<group>";
		};
		83CBB9F61A601CBA00E9B192 = {
			isa = PBXGroup;
			children = (
				13B07FAE1A68108700A75B9A /* TrailerBabu */,
				832341AE1AAA6A7D00B99B32 /* Libraries */,
				00E356EF1AD99517003FC87E /* TrailerBabuTests */,
				83CBBA001A601CBA00E9B192 /* Products */,
				2D16E6871FA4F8E400B85C8A /* Frameworks */,
				733EA3BFE1E343E19B6A68C7 /* Resources */,
			);
			indentWidth = 2;
			sourceTree = "<group>";
			tabWidth = 2;
			usesTabs = 0;
		};
		83CBBA001A601CBA00E9B192 /* Products */ = {
			isa = PBXGroup;
			children = (
				13B07F961A680F5B00A75B9A /* TrailerBabu.app */,
				00E356EE1AD99517003FC87E /* TrailerBabuTests.xctest */,
				2D02E47B1E0B4A5D006451C7 /* TrailerBabu-tvOS.app */,
				2D02E4901E0B4A5D006451C7 /* TrailerBabu-tvOSTests.xctest */,
			);
			name = Products;
			sourceTree = "<group>";
		};
		733EA3BFE1E343E19B6A68C7 /* Resources */ = {
			isa = "PBXGroup";
			children = (
				E29AAC0C2E8F4AA1B138B017 /* AntDesign.ttf */,
				F8499AD30AF8471BA291DB31 /* Entypo.ttf */,
				6FF7EEA504A143668A65ED09 /* EvilIcons.ttf */,
				7BCFB4C377F84E968D828EDD /* Feather.ttf */,
				3EF31C464B134D37B3044BFE /* FontAwesome.ttf */,
				3305B9712A974FFB9C972013 /* FontAwesome5_Brands.ttf */,
				C443C9AE8C7D4838B4D142DB /* FontAwesome5_Regular.ttf */,
				E7E1DB61E4454078B8057878 /* FontAwesome5_Solid.ttf */,
				A45F2153AE8441578643D89B /* Fontisto.ttf */,
				3BDD5D123D7F4208AEF26D68 /* Foundation.ttf */,
				977C3D2C78CD458E8D548F3B /* Ionicons.ttf */,
				3275B5EA85234B0FB3A9842B /* MaterialCommunityIcons.ttf */,
				0C6E6EAB94E94F8DB1C4225E /* MaterialIcons.ttf */,
				6C83A3AEE8934CC7951AC659 /* Octicons.ttf */,
				9102AB99B14B48DA9C25CEF1 /* SimpleLineIcons.ttf */,
				F231499043FB4357901FB2EB /* Zocial.ttf */,
				43433612F671451FBD93C3C7 /* Anton-Regular.ttf */,
				8F2FD85EDFAB4B43A67702A7 /* Montserrat-Black.ttf */,
				AA153FA5B1A546CB83C59090 /* Montserrat-BlackItalic.ttf */,
				9F1697B98FA64E0BB3CE54DD /* Montserrat-Bold.ttf */,
				62EC08B4BEF54123BEF258B3 /* Montserrat-BoldItalic.ttf */,
				CAF30D7E454C41E0B007651B /* Montserrat-ExtraBold.ttf */,
				BF09A962F30148EA839FE4A7 /* Montserrat-ExtraBoldItalic.ttf */,
				F5BC965B9EDE42009A5729DA /* Montserrat-ExtraLight.ttf */,
				F4044A916DE6481F9591C6C2 /* Montserrat-ExtraLightItalic.ttf */,
				F37B67144E85483A9C9FB071 /* Montserrat-Italic.ttf */,
				D7965DCAA4204948A5EB981F /* Montserrat-Light.ttf */,
				B5162AAEE1164A038EF1CAAE /* Montserrat-LightItalic.ttf */,
				8207E5D65EA640DF93C2CE13 /* Montserrat-Medium.ttf */,
				6B500F030C6D4E66B7BEC824 /* Montserrat-MediumItalic.ttf */,
				A4A395875890481CA560F2F9 /* Montserrat-Regular.ttf */,
				2944395BF0BD4DBCA24E8192 /* Montserrat-SemiBold.ttf */,
				91F8AFDA8AE04851A68C5346 /* Montserrat-SemiBoldItalic.ttf */,
				E06DEE8DAC184485BBB61737 /* Montserrat-Thin.ttf */,
				77205E5C150446149C3FF952 /* Montserrat-ThinItalic.ttf */,
				38530D857EBC4A0B8BC8CE32 /* Notable-Regular.ttf */,
				EDC7B15FD46F40C49D60EF20 /* SyneTactile-Regular.ttf */,
				9B2146686B474D7C8FF9E0E4 /* Kanit-Black.ttf */,
				3E8845763BDE411B8FD7C8C2 /* Kanit-BlackItalic.ttf */,
				314E3A71526E475A8A82F16B /* Kanit-Bold.ttf */,
				EFD2073094304269A0B0B13F /* Kanit-BoldItalic.ttf */,
				C43E3ED6C789469B94DF4D14 /* Kanit-ExtraBold.ttf */,
				85BDE1AFDD0F4A3288541082 /* Kanit-ExtraBoldItalic.ttf */,
				C673A11FDC5847E3AD00C1D0 /* Kanit-ExtraLight.ttf */,
				CBAE3FB80AC545CABA6578BF /* Kanit-ExtraLightItalic.ttf */,
				43037820F8934A08BF962556 /* Kanit-Italic.ttf */,
				6D46C5D1939F4F7183BE8089 /* Kanit-Light.ttf */,
				488C729BEE954A5FAE274A54 /* Kanit-LightItalic.ttf */,
				D1ECEB0FFA414EBFA0D4DFA5 /* Kanit-Medium.ttf */,
				32F41CB243A74780883955E7 /* Kanit-MediumItalic.ttf */,
				27B8C8316F734595B708F229 /* Kanit-Regular.ttf */,
				8AC7ABF88AD94E2AA0F869FA /* Kanit-SemiBold.ttf */,
				08FED8360A734CACA18D50AE /* Kanit-SemiBoldItalic.ttf */,
				2484294446EA4EC2AB4B8635 /* Kanit-Thin.ttf */,
				08B7B6D1E3F44B058A68AF01 /* Kanit-ThinItalic.ttf */,
				CD416566AF984348B10A6499 /* Roboto-Black.ttf */,
				9DA4D6869673459AB9B66793 /* Roboto-BlackItalic.ttf */,
				DC66C13EF51D439E9FF800E2 /* Roboto-Bold.ttf */,
				A0B8D40D15444E50A7D6E38F /* Roboto-BoldItalic.ttf */,
				832127D653D14A2CB132A784 /* Roboto-Italic.ttf */,
				07885575A8EA442F86C8BC67 /* Roboto-Light.ttf */,
				1F3A9899AE1F44909AB06715 /* Roboto-LightItalic.ttf */,
				AA5C65722DC14002A1E4EAD3 /* Roboto-Medium.ttf */,
				33E5F8472BD045D883A2B60B /* Roboto-MediumItalic.ttf */,
				59F3CA00087D4CA59A7707F0 /* Roboto-Regular.ttf */,
				67FE129BB97C4C49B0184800 /* Roboto-Thin.ttf */,
				B8DC2357DC744B4395F5366A /* Roboto-ThinItalic.ttf */,
			);
			name = Resources;
			sourceTree = "<group>";
			path = "";
		};
/* End PBXGroup section */

/* Begin PBXNativeTarget section */
		00E356ED1AD99517003FC87E /* TrailerBabuTests */ = {
			isa = PBXNativeTarget;
			buildConfigurationList = 00E357021AD99517003FC87E /* Build configuration list for PBXNativeTarget "TrailerBabuTests" */;
			buildPhases = (
				00E356EA1AD99517003FC87E /* Sources */,
				00E356EB1AD99517003FC87E /* Frameworks */,
				00E356EC1AD99517003FC87E /* Resources */,
			);
			buildRules = (
			);
			dependencies = (
				00E356F51AD99517003FC87E /* PBXTargetDependency */,
			);
			name = TrailerBabuTests;
			productName = TrailerBabuTests;
			productReference = 00E356EE1AD99517003FC87E /* TrailerBabuTests.xctest */;
			productType = "com.apple.product-type.bundle.unit-test";
		};
		13B07F861A680F5B00A75B9A /* TrailerBabu */ = {
			isa = PBXNativeTarget;
			buildConfigurationList = 13B07F931A680F5B00A75B9A /* Build configuration list for PBXNativeTarget "TrailerBabu" */;
			buildPhases = (
				FD10A7F022414F080027D42C /* Start Packager */,
				13B07F871A680F5B00A75B9A /* Sources */,
				13B07F8C1A680F5B00A75B9A /* Frameworks */,
				13B07F8E1A680F5B00A75B9A /* Resources */,
				00DD1BFF1BD5951E006B06BC /* Bundle React Native code and images */,
			);
			buildRules = (
			);
			dependencies = (
			);
			name = TrailerBabu;
			productName = TrailerBabu;
			productReference = 13B07F961A680F5B00A75B9A /* TrailerBabu.app */;
			productType = "com.apple.product-type.application";
		};
		2D02E47A1E0B4A5D006451C7 /* TrailerBabu-tvOS */ = {
			isa = PBXNativeTarget;
			buildConfigurationList = 2D02E4BA1E0B4A5E006451C7 /* Build configuration list for PBXNativeTarget "TrailerBabu-tvOS" */;
			buildPhases = (
				FD10A7F122414F3F0027D42C /* Start Packager */,
				2D02E4771E0B4A5D006451C7 /* Sources */,
				2D02E4781E0B4A5D006451C7 /* Frameworks */,
				2D02E4791E0B4A5D006451C7 /* Resources */,
				2D02E4CB1E0B4B27006451C7 /* Bundle React Native Code And Images */,
			);
			buildRules = (
			);
			dependencies = (
			);
			name = "TrailerBabu-tvOS";
			productName = "TrailerBabu-tvOS";
			productReference = 2D02E47B1E0B4A5D006451C7 /* TrailerBabu-tvOS.app */;
			productType = "com.apple.product-type.application";
		};
		2D02E48F1E0B4A5D006451C7 /* TrailerBabu-tvOSTests */ = {
			isa = PBXNativeTarget;
			buildConfigurationList = 2D02E4BB1E0B4A5E006451C7 /* Build configuration list for PBXNativeTarget "TrailerBabu-tvOSTests" */;
			buildPhases = (
				2D02E48C1E0B4A5D006451C7 /* Sources */,
				2D02E48D1E0B4A5D006451C7 /* Frameworks */,
				2D02E48E1E0B4A5D006451C7 /* Resources */,
			);
			buildRules = (
			);
			dependencies = (
				2D02E4921E0B4A5D006451C7 /* PBXTargetDependency */,
			);
			name = "TrailerBabu-tvOSTests";
			productName = "TrailerBabu-tvOSTests";
			productReference = 2D02E4901E0B4A5D006451C7 /* TrailerBabu-tvOSTests.xctest */;
			productType = "com.apple.product-type.bundle.unit-test";
		};
/* End PBXNativeTarget section */

/* Begin PBXProject section */
		83CBB9F71A601CBA00E9B192 /* Project object */ = {
			isa = PBXProject;
			attributes = {
				LastUpgradeCheck = 1130;
				TargetAttributes = {
					00E356ED1AD99517003FC87E = {
						CreatedOnToolsVersion = 6.2;
						TestTargetID = 13B07F861A680F5B00A75B9A;
					};
					13B07F861A680F5B00A75B9A = {
						LastSwiftMigration = 1120;
					};
					2D02E47A1E0B4A5D006451C7 = {
						CreatedOnToolsVersion = 8.2.1;
						ProvisioningStyle = Automatic;
					};
					2D02E48F1E0B4A5D006451C7 = {
						CreatedOnToolsVersion = 8.2.1;
						ProvisioningStyle = Automatic;
						TestTargetID = 2D02E47A1E0B4A5D006451C7;
					};
				};
			};
			buildConfigurationList = 83CBB9FA1A601CBA00E9B192 /* Build configuration list for PBXProject "TrailerBabu" */;
			compatibilityVersion = "Xcode 3.2";
			developmentRegion = en;
			hasScannedForEncodings = 0;
			knownRegions = (
				en,
				Base,
			);
			mainGroup = 83CBB9F61A601CBA00E9B192;
			productRefGroup = 83CBBA001A601CBA00E9B192 /* Products */;
			projectDirPath = "";
			projectRoot = "";
			targets = (
				13B07F861A680F5B00A75B9A /* TrailerBabu */,
				00E356ED1AD99517003FC87E /* TrailerBabuTests */,
				2D02E47A1E0B4A5D006451C7 /* TrailerBabu-tvOS */,
				2D02E48F1E0B4A5D006451C7 /* TrailerBabu-tvOSTests */,
			);
		};
/* End PBXProject section */

/* Begin PBXResourcesBuildPhase section */
		00E356EC1AD99517003FC87E /* Resources */ = {
			isa = PBXResourcesBuildPhase;
			buildActionMask = 2147483647;
			files = (
			);
			runOnlyForDeploymentPostprocessing = 0;
		};
		13B07F8E1A680F5B00A75B9A /* Resources */ = {
			isa = PBXResourcesBuildPhase;
			buildActionMask = 2147483647;
			files = (
				81AB9BB82411601600AC10FF /* LaunchScreen.storyboard in Resources */,
				13B07FBF1A68108700A75B9A /* Images.xcassets in Resources */,
				CA16005DB53B4EF0AA393760 /* AntDesign.ttf in Resources */,
				0478978F75DC4651849CB17C /* Entypo.ttf in Resources */,
				B4F38D6E49364B38AE7A1E22 /* EvilIcons.ttf in Resources */,
				4A535A81175E44E6AE258279 /* Feather.ttf in Resources */,
				12D0BA41E74F41C6921FFD44 /* FontAwesome.ttf in Resources */,
				F0B5C8C931ED491DA1DD918E /* FontAwesome5_Brands.ttf in Resources */,
				4865687A30B34C1692572D35 /* FontAwesome5_Regular.ttf in Resources */,
				267B87938CF341CE9A2E95BA /* FontAwesome5_Solid.ttf in Resources */,
				098817A05D794744A5D82ECB /* Fontisto.ttf in Resources */,
				2CE58ADB64054CC690A56924 /* Foundation.ttf in Resources */,
				F27DB15778E54352A3A78523 /* Ionicons.ttf in Resources */,
				CADA9258F1C1493B8FE6BFA1 /* MaterialCommunityIcons.ttf in Resources */,
				5A7C0F9E964343DD8694C553 /* MaterialIcons.ttf in Resources */,
				ED43DA162A944347B61D518A /* Octicons.ttf in Resources */,
				86F71458FA6E4EF59E39628C /* SimpleLineIcons.ttf in Resources */,
				EA25CAA346E44FE5A965D7B3 /* Zocial.ttf in Resources */,
				D957353B5BF04C9FBF270FA7 /* Anton-Regular.ttf in Resources */,
				23BCE91694DF47379FDFCFCC /* Montserrat-Black.ttf in Resources */,
				37953E97348249C1A9A78FD6 /* Montserrat-BlackItalic.ttf in Resources */,
				2FDB09CC3F454E1283D523A5 /* Montserrat-Bold.ttf in Resources */,
				886DDB088E904ABE9B8E816D /* Montserrat-BoldItalic.ttf in Resources */,
				E2B8EFC7BB0E4FDEB13F8FD5 /* Montserrat-ExtraBold.ttf in Resources */,
				5D5A78459B294E4296EDEE08 /* Montserrat-ExtraBoldItalic.ttf in Resources */,
				F32A38F46CC143608EC28F13 /* Montserrat-ExtraLight.ttf in Resources */,
				F1EAF2EA252D48A4ABFB4878 /* Montserrat-ExtraLightItalic.ttf in Resources */,
				E08B7DF0ACCC4D4F9B777243 /* Montserrat-Italic.ttf in Resources */,
				3B8863CA4C9E4337B184A235 /* Montserrat-Light.ttf in Resources */,
				E7CF2CA31C4046D1A58B31E9 /* Montserrat-LightItalic.ttf in Resources */,
				08D00C401B144894B3443556 /* Montserrat-Medium.ttf in Resources */,
				338D6FCA7D4F477CADF1D987 /* Montserrat-MediumItalic.ttf in Resources */,
				EC95E3DCB8A54063B07ED5E1 /* Montserrat-Regular.ttf in Resources */,
				F1A6A15FE6964668BF472A7B /* Montserrat-SemiBold.ttf in Resources */,
				61BEA3D132764E4DBE6C152A /* Montserrat-SemiBoldItalic.ttf in Resources */,
				F99E2D788BB14853AE2F9269 /* Montserrat-Thin.ttf in Resources */,
				7CAE9904D5774FE7A36A4FB2 /* Montserrat-ThinItalic.ttf in Resources */,
				9B8BA8B504544667B27A52E9 /* Notable-Regular.ttf in Resources */,
				8B4838D49FFE40D9802BCF37 /* SyneTactile-Regular.ttf in Resources */,
				3CEB579F875A46259EA3F8B0 /* Kanit-Black.ttf in Resources */,
				E5EED8C1F32F49B0974768AA /* Kanit-BlackItalic.ttf in Resources */,
				3C110B0DA8AF40A7B273B594 /* Kanit-Bold.ttf in Resources */,
				2089115413CB420B96ED9762 /* Kanit-BoldItalic.ttf in Resources */,
				4DC4EC62D0934B21ABE43B20 /* Kanit-ExtraBold.ttf in Resources */,
				F2860121C1A04D0CA7D1A38D /* Kanit-ExtraBoldItalic.ttf in Resources */,
				7E1BFCE45A27424F953F04A9 /* Kanit-ExtraLight.ttf in Resources */,
				4D4FC14406A049C9A9860EB6 /* Kanit-ExtraLightItalic.ttf in Resources */,
				5E90BC244A194C8EB4E3B4E9 /* Kanit-Italic.ttf in Resources */,
				39BB6FF5CFAE4D508D9A2C03 /* Kanit-Light.ttf in Resources */,
				9C15941E0C7D4781A6251D91 /* Kanit-LightItalic.ttf in Resources */,
				6963FA3747B54941B8584850 /* Kanit-Medium.ttf in Resources */,
				450D7EBBB11649FC9447D123 /* Kanit-MediumItalic.ttf in Resources */,
				E6B08680CA6A4C49B98B7649 /* Kanit-Regular.ttf in Resources */,
				A80C6EB35003419FA74414BF /* Kanit-SemiBold.ttf in Resources */,
				B5F8B7767CC544FDBACD1A08 /* Kanit-SemiBoldItalic.ttf in Resources */,
				989BF319358E4A40AAFA2DE7 /* Kanit-Thin.ttf in Resources */,
				2084904EF2E54E44A52853F5 /* Kanit-ThinItalic.ttf in Resources */,
				1BA4A382DF184EA8B5809EF1 /* Roboto-Black.ttf in Resources */,
				ED6C33EA57EE40AA9DBB3B56 /* Roboto-BlackItalic.ttf in Resources */,
				354A76D9918E4A57A7DA4706 /* Roboto-Bold.ttf in Resources */,
				98F324602C8C4ED5A2B12D9A /* Roboto-BoldItalic.ttf in Resources */,
				A30DC30F317249B8A38D4942 /* Roboto-Italic.ttf in Resources */,
				68FDFEEB964542DEA87E9148 /* Roboto-Light.ttf in Resources */,
				68E4E02A93B04791B09A26D7 /* Roboto-LightItalic.ttf in Resources */,
				BCBC81ABE33A4835951FC71B /* Roboto-Medium.ttf in Resources */,
				AE92C9B6CAB94B27B72CAA82 /* Roboto-MediumItalic.ttf in Resources */,
				85AE6518113E4A6BBE6D2D70 /* Roboto-Regular.ttf in Resources */,
				11A9DEE44B8C4304B82D7DDE /* Roboto-Thin.ttf in Resources */,
				97CBFE30FC81432BAD6BE91D /* Roboto-ThinItalic.ttf in Resources */,
			);
			runOnlyForDeploymentPostprocessing = 0;
		};
		2D02E4791E0B4A5D006451C7 /* Resources */ = {
			isa = PBXResourcesBuildPhase;
			buildActionMask = 2147483647;
			files = (
				2D02E4BD1E0B4A84006451C7 /* Images.xcassets in Resources */,
			);
			runOnlyForDeploymentPostprocessing = 0;
		};
		2D02E48E1E0B4A5D006451C7 /* Resources */ = {
			isa = PBXResourcesBuildPhase;
			buildActionMask = 2147483647;
			files = (
			);
			runOnlyForDeploymentPostprocessing = 0;
		};
/* End PBXResourcesBuildPhase section */

/* Begin PBXShellScriptBuildPhase section */
		00DD1BFF1BD5951E006B06BC /* Bundle React Native code and images */ = {
			isa = PBXShellScriptBuildPhase;
			buildActionMask = 2147483647;
			files = (
			);
			inputPaths = (
			);
			name = "Bundle React Native code and images";
			outputPaths = (
			);
			runOnlyForDeploymentPostprocessing = 0;
			shellPath = /bin/sh;
			shellScript = "export NODE_BINARY=node\n../node_modules/react-native/scripts/react-native-xcode.sh";
		};
		2D02E4CB1E0B4B27006451C7 /* Bundle React Native Code And Images */ = {
			isa = PBXShellScriptBuildPhase;
			buildActionMask = 2147483647;
			files = (
			);
			inputPaths = (
			);
			name = "Bundle React Native Code And Images";
			outputPaths = (
			);
			runOnlyForDeploymentPostprocessing = 0;
			shellPath = /bin/sh;
			shellScript = "export NODE_BINARY=node\n../node_modules/react-native/scripts/react-native-xcode.sh";
		};
		FD10A7F022414F080027D42C /* Start Packager */ = {
			isa = PBXShellScriptBuildPhase;
			buildActionMask = 2147483647;
			files = (
			);
			inputFileListPaths = (
			);
			inputPaths = (
			);
			name = "Start Packager";
			outputFileListPaths = (
			);
			outputPaths = (
			);
			runOnlyForDeploymentPostprocessing = 0;
			shellPath = /bin/sh;
			shellScript = "export RCT_METRO_PORT=\"${RCT_METRO_PORT:=8081}\"\necho \"export RCT_METRO_PORT=${RCT_METRO_PORT}\" > \"${SRCROOT}/../node_modules/react-native/scripts/.packager.env\"\nif [ -z \"${RCT_NO_LAUNCH_PACKAGER+xxx}\" ] ; then\n  if nc -w 5 -z localhost ${RCT_METRO_PORT} ; then\n    if ! curl -s \"http://localhost:${RCT_METRO_PORT}/status\" | grep -q \"packager-status:running\" ; then\n      echo \"Port ${RCT_METRO_PORT} already in use, packager is either not running or not running correctly\"\n      exit 2\n    fi\n  else\n    open \"$SRCROOT/../node_modules/react-native/scripts/launchPackager.command\" || echo \"Can't start packager automatically\"\n  fi\nfi\n";
			showEnvVarsInLog = 0;
		};
		FD10A7F122414F3F0027D42C /* Start Packager */ = {
			isa = PBXShellScriptBuildPhase;
			buildActionMask = 2147483647;
			files = (
			);
			inputFileListPaths = (
			);
			inputPaths = (
			);
			name = "Start Packager";
			outputFileListPaths = (
			);
			outputPaths = (
			);
			runOnlyForDeploymentPostprocessing = 0;
			shellPath = /bin/sh;
			shellScript = "export RCT_METRO_PORT=\"${RCT_METRO_PORT:=8081}\"\necho \"export RCT_METRO_PORT=${RCT_METRO_PORT}\" > \"${SRCROOT}/../node_modules/react-native/scripts/.packager.env\"\nif [ -z \"${RCT_NO_LAUNCH_PACKAGER+xxx}\" ] ; then\n  if nc -w 5 -z localhost ${RCT_METRO_PORT} ; then\n    if ! curl -s \"http://localhost:${RCT_METRO_PORT}/status\" | grep -q \"packager-status:running\" ; then\n      echo \"Port ${RCT_METRO_PORT} already in use, packager is either not running or not running correctly\"\n      exit 2\n    fi\n  else\n    open \"$SRCROOT/../node_modules/react-native/scripts/launchPackager.command\" || echo \"Can't start packager automatically\"\n  fi\nfi\n";
			showEnvVarsInLog = 0;
		};
/* End PBXShellScriptBuildPhase section */

/* Begin PBXSourcesBuildPhase section */
		00E356EA1AD99517003FC87E /* Sources */ = {
			isa = PBXSourcesBuildPhase;
			buildActionMask = 2147483647;
			files = (
				00E356F31AD99517003FC87E /* TrailerBabuTests.m in Sources */,
			);
			runOnlyForDeploymentPostprocessing = 0;
		};
		13B07F871A680F5B00A75B9A /* Sources */ = {
			isa = PBXSourcesBuildPhase;
			buildActionMask = 2147483647;
			files = (
				13B07FBC1A68108700A75B9A /* AppDelegate.m in Sources */,
				13B07FC11A68108700A75B9A /* main.m in Sources */,
			);
			runOnlyForDeploymentPostprocessing = 0;
		};
		2D02E4771E0B4A5D006451C7 /* Sources */ = {
			isa = PBXSourcesBuildPhase;
			buildActionMask = 2147483647;
			files = (
				2D02E4BF1E0B4AB3006451C7 /* main.m in Sources */,
				2D02E4BC1E0B4A80006451C7 /* AppDelegate.m in Sources */,
			);
			runOnlyForDeploymentPostprocessing = 0;
		};
		2D02E48C1E0B4A5D006451C7 /* Sources */ = {
			isa = PBXSourcesBuildPhase;
			buildActionMask = 2147483647;
			files = (
				2DCD954D1E0B4F2C00145EB5 /* TrailerBabuTests.m in Sources */,
			);
			runOnlyForDeploymentPostprocessing = 0;
		};
/* End PBXSourcesBuildPhase section */

/* Begin PBXTargetDependency section */
		00E356F51AD99517003FC87E /* PBXTargetDependency */ = {
			isa = PBXTargetDependency;
			target = 13B07F861A680F5B00A75B9A /* TrailerBabu */;
			targetProxy = 00E356F41AD99517003FC87E /* PBXContainerItemProxy */;
		};
		2D02E4921E0B4A5D006451C7 /* PBXTargetDependency */ = {
			isa = PBXTargetDependency;
			target = 2D02E47A1E0B4A5D006451C7 /* TrailerBabu-tvOS */;
			targetProxy = 2D02E4911E0B4A5D006451C7 /* PBXContainerItemProxy */;
		};
/* End PBXTargetDependency section */

/* Begin XCBuildConfiguration section */
		00E356F61AD99517003FC87E /* Debug */ = {
			isa = XCBuildConfiguration;
			buildSettings = {
				BUNDLE_LOADER = "$(TEST_HOST)";
				GCC_PREPROCESSOR_DEFINITIONS = (
					"DEBUG=1",
					"$(inherited)",
				);
				INFOPLIST_FILE = TrailerBabuTests/Info.plist;
				IPHONEOS_DEPLOYMENT_TARGET = 10.0;
				LD_RUNPATH_SEARCH_PATHS = "$(inherited) @executable_path/Frameworks @loader_path/Frameworks";
				OTHER_LDFLAGS = (
					"-ObjC",
					"-lc++",
					"$(inherited)",
				);
				PRODUCT_BUNDLE_IDENTIFIER = "org.reactjs.native.example.$(PRODUCT_NAME:rfc1034identifier)";
				PRODUCT_NAME = "$(TARGET_NAME)";
				TEST_HOST = "$(BUILT_PRODUCTS_DIR)/TrailerBabu.app/TrailerBabu";
			};
			name = Debug;
		};
		00E356F71AD99517003FC87E /* Release */ = {
			isa = XCBuildConfiguration;
			buildSettings = {
				BUNDLE_LOADER = "$(TEST_HOST)";
				COPY_PHASE_STRIP = NO;
				INFOPLIST_FILE = TrailerBabuTests/Info.plist;
				IPHONEOS_DEPLOYMENT_TARGET = 10.0;
				LD_RUNPATH_SEARCH_PATHS = "$(inherited) @executable_path/Frameworks @loader_path/Frameworks";
				OTHER_LDFLAGS = (
					"-ObjC",
					"-lc++",
					"$(inherited)",
				);
				PRODUCT_BUNDLE_IDENTIFIER = "org.reactjs.native.example.$(PRODUCT_NAME:rfc1034identifier)";
				PRODUCT_NAME = "$(TARGET_NAME)";
				TEST_HOST = "$(BUILT_PRODUCTS_DIR)/TrailerBabu.app/TrailerBabu";
			};
			name = Release;
		};
		13B07F941A680F5B00A75B9A /* Debug */ = {
			isa = XCBuildConfiguration;
			buildSettings = {
				ASSETCATALOG_COMPILER_APPICON_NAME = AppIcon;
				CLANG_ENABLE_MODULES = YES;
				CURRENT_PROJECT_VERSION = 1;
				ENABLE_BITCODE = NO;
				INFOPLIST_FILE = TrailerBabu/Info.plist;
				LD_RUNPATH_SEARCH_PATHS = "$(inherited) @executable_path/Frameworks";
				OTHER_LDFLAGS = (
					"$(inherited)",
					"-ObjC",
					"-lc++",
				);
				PRODUCT_BUNDLE_IDENTIFIER = "org.reactjs.native.example.$(PRODUCT_NAME:rfc1034identifier)";
				PRODUCT_NAME = TrailerBabu;
				SWIFT_OPTIMIZATION_LEVEL = "-Onone";
				SWIFT_VERSION = 5.0;
				VERSIONING_SYSTEM = "apple-generic";
			};
			name = Debug;
		};
		13B07F951A680F5B00A75B9A /* Release */ = {
			isa = XCBuildConfiguration;
			buildSettings = {
				ASSETCATALOG_COMPILER_APPICON_NAME = AppIcon;
				CLANG_ENABLE_MODULES = YES;
				CURRENT_PROJECT_VERSION = 1;
				INFOPLIST_FILE = TrailerBabu/Info.plist;
				LD_RUNPATH_SEARCH_PATHS = "$(inherited) @executable_path/Frameworks";
				OTHER_LDFLAGS = (
					"$(inherited)",
					"-ObjC",
					"-lc++",
				);
				PRODUCT_BUNDLE_IDENTIFIER = "org.reactjs.native.example.$(PRODUCT_NAME:rfc1034identifier)";
				PRODUCT_NAME = TrailerBabu;
				SWIFT_VERSION = 5.0;
				VERSIONING_SYSTEM = "apple-generic";
			};
			name = Release;
		};
		2D02E4971E0B4A5E006451C7 /* Debug */ = {
			isa = XCBuildConfiguration;
			buildSettings = {
				ASSETCATALOG_COMPILER_APPICON_NAME = "App Icon & Top Shelf Image";
				ASSETCATALOG_COMPILER_LAUNCHIMAGE_NAME = LaunchImage;
				CLANG_ANALYZER_NONNULL = YES;
				CLANG_WARN_DOCUMENTATION_COMMENTS = YES;
				CLANG_WARN_INFINITE_RECURSION = YES;
				CLANG_WARN_SUSPICIOUS_MOVE = YES;
				DEBUG_INFORMATION_FORMAT = dwarf;
				ENABLE_TESTABILITY = YES;
				GCC_NO_COMMON_BLOCKS = YES;
				INFOPLIST_FILE = "TrailerBabu-tvOS/Info.plist";
				LD_RUNPATH_SEARCH_PATHS = "$(inherited) @executable_path/Frameworks";
				OTHER_LDFLAGS = (
					"$(inherited)",
					"-ObjC",
					"-lc++",
				);
				PRODUCT_BUNDLE_IDENTIFIER = "org.reactjs.native.example.TrailerBabu-tvOS";
				PRODUCT_NAME = "$(TARGET_NAME)";
				SDKROOT = appletvos;
				TARGETED_DEVICE_FAMILY = 3;
				TVOS_DEPLOYMENT_TARGET = 10.0;
			};
			name = Debug;
		};
		2D02E4981E0B4A5E006451C7 /* Release */ = {
			isa = XCBuildConfiguration;
			buildSettings = {
				ASSETCATALOG_COMPILER_APPICON_NAME = "App Icon & Top Shelf Image";
				ASSETCATALOG_COMPILER_LAUNCHIMAGE_NAME = LaunchImage;
				CLANG_ANALYZER_NONNULL = YES;
				CLANG_WARN_DOCUMENTATION_COMMENTS = YES;
				CLANG_WARN_INFINITE_RECURSION = YES;
				CLANG_WARN_SUSPICIOUS_MOVE = YES;
				COPY_PHASE_STRIP = NO;
				DEBUG_INFORMATION_FORMAT = "dwarf-with-dsym";
				GCC_NO_COMMON_BLOCKS = YES;
				INFOPLIST_FILE = "TrailerBabu-tvOS/Info.plist";
				LD_RUNPATH_SEARCH_PATHS = "$(inherited) @executable_path/Frameworks";
				OTHER_LDFLAGS = (
					"$(inherited)",
					"-ObjC",
					"-lc++",
				);
				PRODUCT_BUNDLE_IDENTIFIER = "org.reactjs.native.example.TrailerBabu-tvOS";
				PRODUCT_NAME = "$(TARGET_NAME)";
				SDKROOT = appletvos;
				TARGETED_DEVICE_FAMILY = 3;
				TVOS_DEPLOYMENT_TARGET = 10.0;
			};
			name = Release;
		};
		2D02E4991E0B4A5E006451C7 /* Debug */ = {
			isa = XCBuildConfiguration;
			buildSettings = {
				BUNDLE_LOADER = "$(TEST_HOST)";
				CLANG_ANALYZER_NONNULL = YES;
				CLANG_WARN_DOCUMENTATION_COMMENTS = YES;
				CLANG_WARN_INFINITE_RECURSION = YES;
				CLANG_WARN_SUSPICIOUS_MOVE = YES;
				DEBUG_INFORMATION_FORMAT = dwarf;
				ENABLE_TESTABILITY = YES;
				GCC_NO_COMMON_BLOCKS = YES;
				INFOPLIST_FILE = "TrailerBabu-tvOSTests/Info.plist";
				LD_RUNPATH_SEARCH_PATHS = "$(inherited) @executable_path/Frameworks @loader_path/Frameworks";
				OTHER_LDFLAGS = (
					"$(inherited)",
					"-ObjC",
					"-lc++",
				);
				PRODUCT_BUNDLE_IDENTIFIER = "org.reactjs.native.example.TrailerBabu-tvOSTests";
				PRODUCT_NAME = "$(TARGET_NAME)";
				SDKROOT = appletvos;
				TEST_HOST = "$(BUILT_PRODUCTS_DIR)/TrailerBabu-tvOS.app/TrailerBabu-tvOS";
				TVOS_DEPLOYMENT_TARGET = 10.1;
			};
			name = Debug;
		};
		2D02E49A1E0B4A5E006451C7 /* Release */ = {
			isa = XCBuildConfiguration;
			buildSettings = {
				BUNDLE_LOADER = "$(TEST_HOST)";
				CLANG_ANALYZER_NONNULL = YES;
				CLANG_WARN_DOCUMENTATION_COMMENTS = YES;
				CLANG_WARN_INFINITE_RECURSION = YES;
				CLANG_WARN_SUSPICIOUS_MOVE = YES;
				COPY_PHASE_STRIP = NO;
				DEBUG_INFORMATION_FORMAT = "dwarf-with-dsym";
				GCC_NO_COMMON_BLOCKS = YES;
				INFOPLIST_FILE = "TrailerBabu-tvOSTests/Info.plist";
				LD_RUNPATH_SEARCH_PATHS = "$(inherited) @executable_path/Frameworks @loader_path/Frameworks";
				OTHER_LDFLAGS = (
					"$(inherited)",
					"-ObjC",
					"-lc++",
				);
				PRODUCT_BUNDLE_IDENTIFIER = "org.reactjs.native.example.TrailerBabu-tvOSTests";
				PRODUCT_NAME = "$(TARGET_NAME)";
				SDKROOT = appletvos;
				TEST_HOST = "$(BUILT_PRODUCTS_DIR)/TrailerBabu-tvOS.app/TrailerBabu-tvOS";
				TVOS_DEPLOYMENT_TARGET = 10.1;
			};
			name = Release;
		};
		83CBBA201A601CBA00E9B192 /* Debug */ = {
			isa = XCBuildConfiguration;
			buildSettings = {
				ALWAYS_SEARCH_USER_PATHS = NO;
				CLANG_ANALYZER_LOCALIZABILITY_NONLOCALIZED = YES;
				CLANG_CXX_LANGUAGE_STANDARD = "gnu++0x";
				CLANG_CXX_LIBRARY = "libc++";
				CLANG_ENABLE_MODULES = YES;
				CLANG_ENABLE_OBJC_ARC = YES;
				CLANG_WARN_BLOCK_CAPTURE_AUTORELEASING = YES;
				CLANG_WARN_BOOL_CONVERSION = YES;
				CLANG_WARN_COMMA = YES;
				CLANG_WARN_CONSTANT_CONVERSION = YES;
				CLANG_WARN_DEPRECATED_OBJC_IMPLEMENTATIONS = YES;
				CLANG_WARN_DIRECT_OBJC_ISA_USAGE = YES_ERROR;
				CLANG_WARN_EMPTY_BODY = YES;
				CLANG_WARN_ENUM_CONVERSION = YES;
				CLANG_WARN_INFINITE_RECURSION = YES;
				CLANG_WARN_INT_CONVERSION = YES;
				CLANG_WARN_NON_LITERAL_NULL_CONVERSION = YES;
				CLANG_WARN_OBJC_IMPLICIT_RETAIN_SELF = YES;
				CLANG_WARN_OBJC_LITERAL_CONVERSION = YES;
				CLANG_WARN_OBJC_ROOT_CLASS = YES_ERROR;
				CLANG_WARN_RANGE_LOOP_ANALYSIS = YES;
				CLANG_WARN_STRICT_PROTOTYPES = YES;
				CLANG_WARN_SUSPICIOUS_MOVE = YES;
				CLANG_WARN_UNREACHABLE_CODE = YES;
				CLANG_WARN__DUPLICATE_METHOD_MATCH = YES;
				"CODE_SIGN_IDENTITY[sdk=iphoneos*]" = "iPhone Developer";
				COPY_PHASE_STRIP = NO;
				ENABLE_STRICT_OBJC_MSGSEND = YES;
				ENABLE_TESTABILITY = YES;
				GCC_C_LANGUAGE_STANDARD = gnu99;
				GCC_DYNAMIC_NO_PIC = NO;
				GCC_NO_COMMON_BLOCKS = YES;
				GCC_OPTIMIZATION_LEVEL = 0;
				GCC_PREPROCESSOR_DEFINITIONS = (
					"DEBUG=1",
					"$(inherited)",
				);
				GCC_SYMBOLS_PRIVATE_EXTERN = NO;
				GCC_WARN_64_TO_32_BIT_CONVERSION = YES;
				GCC_WARN_ABOUT_RETURN_TYPE = YES_ERROR;
				GCC_WARN_UNDECLARED_SELECTOR = YES;
				GCC_WARN_UNINITIALIZED_AUTOS = YES_AGGRESSIVE;
				GCC_WARN_UNUSED_FUNCTION = YES;
				GCC_WARN_UNUSED_VARIABLE = YES;
				IPHONEOS_DEPLOYMENT_TARGET = 10.0;
				LD_RUNPATH_SEARCH_PATHS = "/usr/lib/swift $(inherited)";
				LIBRARY_SEARCH_PATHS = (
					"\"$(TOOLCHAIN_DIR)/usr/lib/swift/$(PLATFORM_NAME)\"",
					"\"$(TOOLCHAIN_DIR)/usr/lib/swift-5.0/$(PLATFORM_NAME)\"",
					"\"$(inherited)\"",
				);
				MTL_ENABLE_DEBUG_INFO = YES;
				ONLY_ACTIVE_ARCH = YES;
				SDKROOT = iphoneos;
			};
			name = Debug;
		};
		83CBBA211A601CBA00E9B192 /* Release */ = {
			isa = XCBuildConfiguration;
			buildSettings = {
				ALWAYS_SEARCH_USER_PATHS = NO;
				CLANG_ANALYZER_LOCALIZABILITY_NONLOCALIZED = YES;
				CLANG_CXX_LANGUAGE_STANDARD = "gnu++0x";
				CLANG_CXX_LIBRARY = "libc++";
				CLANG_ENABLE_MODULES = YES;
				CLANG_ENABLE_OBJC_ARC = YES;
				CLANG_WARN_BLOCK_CAPTURE_AUTORELEASING = YES;
				CLANG_WARN_BOOL_CONVERSION = YES;
				CLANG_WARN_COMMA = YES;
				CLANG_WARN_CONSTANT_CONVERSION = YES;
				CLANG_WARN_DEPRECATED_OBJC_IMPLEMENTATIONS = YES;
				CLANG_WARN_DIRECT_OBJC_ISA_USAGE = YES_ERROR;
				CLANG_WARN_EMPTY_BODY = YES;
				CLANG_WARN_ENUM_CONVERSION = YES;
				CLANG_WARN_INFINITE_RECURSION = YES;
				CLANG_WARN_INT_CONVERSION = YES;
				CLANG_WARN_NON_LITERAL_NULL_CONVERSION = YES;
				CLANG_WARN_OBJC_IMPLICIT_RETAIN_SELF = YES;
				CLANG_WARN_OBJC_LITERAL_CONVERSION = YES;
				CLANG_WARN_OBJC_ROOT_CLASS = YES_ERROR;
				CLANG_WARN_RANGE_LOOP_ANALYSIS = YES;
				CLANG_WARN_STRICT_PROTOTYPES = YES;
				CLANG_WARN_SUSPICIOUS_MOVE = YES;
				CLANG_WARN_UNREACHABLE_CODE = YES;
				CLANG_WARN__DUPLICATE_METHOD_MATCH = YES;
				"CODE_SIGN_IDENTITY[sdk=iphoneos*]" = "iPhone Developer";
				COPY_PHASE_STRIP = YES;
				ENABLE_NS_ASSERTIONS = NO;
				ENABLE_STRICT_OBJC_MSGSEND = YES;
				GCC_C_LANGUAGE_STANDARD = gnu99;
				GCC_NO_COMMON_BLOCKS = YES;
				GCC_WARN_64_TO_32_BIT_CONVERSION = YES;
				GCC_WARN_ABOUT_RETURN_TYPE = YES_ERROR;
				GCC_WARN_UNDECLARED_SELECTOR = YES;
				GCC_WARN_UNINITIALIZED_AUTOS = YES_AGGRESSIVE;
				GCC_WARN_UNUSED_FUNCTION = YES;
				GCC_WARN_UNUSED_VARIABLE = YES;
				IPHONEOS_DEPLOYMENT_TARGET = 10.0;
				LD_RUNPATH_SEARCH_PATHS = "/usr/lib/swift $(inherited)";
				LIBRARY_SEARCH_PATHS = (
					"\"$(TOOLCHAIN_DIR)/usr/lib/swift/$(PLATFORM_NAME)\"",
					"\"$(TOOLCHAIN_DIR)/usr/lib/swift-5.0/$(PLATFORM_NAME)\"",
					"\"$(inherited)\"",
				);
				MTL_ENABLE_DEBUG_INFO = NO;
				SDKROOT = iphoneos;
				VALIDATE_PRODUCT = YES;
			};
			name = Release;
		};
/* End XCBuildConfiguration section */

/* Begin XCConfigurationList section */
		00E357021AD99517003FC87E /* Build configuration list for PBXNativeTarget "TrailerBabuTests" */ = {
			isa = XCConfigurationList;
			buildConfigurations = (
				00E356F61AD99517003FC87E /* Debug */,
				00E356F71AD99517003FC87E /* Release */,
			);
			defaultConfigurationIsVisible = 0;
			defaultConfigurationName = Release;
		};
		13B07F931A680F5B00A75B9A /* Build configuration list for PBXNativeTarget "TrailerBabu" */ = {
			isa = XCConfigurationList;
			buildConfigurations = (
				13B07F941A680F5B00A75B9A /* Debug */,
				13B07F951A680F5B00A75B9A /* Release */,
			);
			defaultConfigurationIsVisible = 0;
			defaultConfigurationName = Release;
		};
		2D02E4BA1E0B4A5E006451C7 /* Build configuration list for PBXNativeTarget "TrailerBabu-tvOS" */ = {
			isa = XCConfigurationList;
			buildConfigurations = (
				2D02E4971E0B4A5E006451C7 /* Debug */,
				2D02E4981E0B4A5E006451C7 /* Release */,
			);
			defaultConfigurationIsVisible = 0;
			defaultConfigurationName = Release;
		};
		2D02E4BB1E0B4A5E006451C7 /* Build configuration list for PBXNativeTarget "TrailerBabu-tvOSTests" */ = {
			isa = XCConfigurationList;
			buildConfigurations = (
				2D02E4991E0B4A5E006451C7 /* Debug */,
				2D02E49A1E0B4A5E006451C7 /* Release */,
			);
			defaultConfigurationIsVisible = 0;
			defaultConfigurationName = Release;
		};
		83CBB9FA1A601CBA00E9B192 /* Build configuration list for PBXProject "TrailerBabu" */ = {
			isa = XCConfigurationList;
			buildConfigurations = (
				83CBBA201A601CBA00E9B192 /* Debug */,
				83CBBA211A601CBA00E9B192 /* Release */,
			);
			defaultConfigurationIsVisible = 0;
			defaultConfigurationName = Release;
		};
/* End XCConfigurationList section */
	};
	rootObject = 83CBB9F71A601CBA00E9B192 /* Project object */;
}
